{
    "_meta": {
        "hash": {
            "sha256": "d503279bed2b88bb358160405ab43f228b1c9bb91c19bc16a1d387ad924d9c43"
        },
        "pipfile-spec": 6,
        "requires": {
            "python_version": "3.9"
        },
        "sources": [
            {
                "name": "pypi",
                "url": "https://pypi.org/simple",
                "verify_ssl": true
            }
        ]
    },
    "default": {},
    "develop": {}
}
